
Microsoft Visual Studio Solution File, Format Version 12.00
# Visual Studio Version 16
VisualStudioVersion = 16.0.808.8
MinimumVisualStudioVersion = 10.0.40219.1
Project("{FAE04EC0-301F-11D3-BF4B-00C04F79EFBC}") = "TicTacToe_VGGL.Android", "TicTacToe_VGGL.Android\TicTacToe_VGGL.Android.csproj", "{A4C6F9E8-05E6-4BAC-96C2-E71833FD22E3}"
EndProject
Project("{FAE04EC0-301F-11D3-BF4B-00C04F79EFBC}") = "TicTacToe_VGGL.iOS", "TicTacToe_VGGL.iOS\TicTacToe_VGGL.iOS.csproj", "{2BEE1663-A3CE-4335-8420-C82C37D8D2D6}"
EndProject
Project("{FAE04EC0-301F-11D3-BF4B-00C04F79EFBC}") = "TicTacToe_VGGL", "TicTacToe_VGGL\TicTacToe_VGGL.csproj", "{FA420AAB-54D6-4E4A-81D1-1B7FA27E9D1E}"
EndProject
Global
	GlobalSection(SolutionConfigurationPlatforms) = preSolution
		Debug|Any CPU = Debug|Any CPU
		Release|Any CPU = Release|Any CPU
		Debug|iPhoneSimulator = Debug|iPhoneSimulator
		Release|iPhoneSimulator = Release|iPhoneSimulator
		Debug|iPhone = Debug|iPhone
		Release|iPhone = Release|iPhone
	EndGlobalSection
	GlobalSection(ProjectConfigurationPlatforms) = postSolution
		{A4C6F9E8-05E6-4BAC-96C2-E71833FD22E3}.Debug|Any CPU.ActiveCfg = Debug|Any CPU
		{A4C6F9E8-05E6-4BAC-96C2-E71833FD22E3}.Debug|Any CPU.Build.0 = Debug|Any CPU
		{A4C6F9E8-05E6-4BAC-96C2-E71833FD22E3}.Release|Any CPU.ActiveCfg = Release|Any CPU
		{A4C6F9E8-05E6-4BAC-96C2-E71833FD22E3}.Release|Any CPU.Build.0 = Release|Any CPU
		{A4C6F9E8-05E6-4BAC-96C2-E71833FD22E3}.Debug|iPhoneSimulator.ActiveCfg = Debug|Any CPU
		{A4C6F9E8-05E6-4BAC-96C2-E71833FD22E3}.Debug|iPhoneSimulator.Build.0 = Debug|Any CPU
		{A4C6F9E8-05E6-4BAC-96C2-E71833FD22E3}.Release|iPhoneSimulator.ActiveCfg = Release|Any CPU
		{A4C6F9E8-05E6-4BAC-96C2-E71833FD22E3}.Release|iPhoneSimulator.Build.0 = Release|Any CPU
		{A4C6F9E8-05E6-4BAC-96C2-E71833FD22E3}.Debug|iPhone.ActiveCfg = Debug|Any CPU
		{A4C6F9E8-05E6-4BAC-96C2-E71833FD22E3}.Debug|iPhone.Build.0 = Debug|Any CPU
		{A4C6F9E8-05E6-4BAC-96C2-E71833FD22E3}.Release|iPhone.ActiveCfg = Release|Any CPU
		{A4C6F9E8-05E6-4BAC-96C2-E71833FD22E3}.Release|iPhone.Build.0 = Release|Any CPU
		{2BEE1663-A3CE-4335-8420-C82C37D8D2D6}.Debug|Any CPU.ActiveCfg = Debug|iPhoneSimulator
		{2BEE1663-A3CE-4335-8420-C82C37D8D2D6}.Debug|Any CPU.Build.0 = Debug|iPhoneSimulator
		{2BEE1663-A3CE-4335-8420-C82C37D8D2D6}.Release|Any CPU.ActiveCfg = Release|iPhoneSimulator
		{2BEE1663-A3CE-4335-8420-C82C37D8D2D6}.Release|Any CPU.Build.0 = Release|iPhoneSimulator
		{2BEE1663-A3CE-4335-8420-C82C37D8D2D6}.Debug|iPhoneSimulator.ActiveCfg = Debug|iPhoneSimulator
		{2BEE1663-A3CE-4335-8420-C82C37D8D2D6}.Debug|iPhoneSimulator.Build.0 = Debug|iPhoneSimulator
		{2BEE1663-A3CE-4335-8420-C82C37D8D2D6}.Release|iPhoneSimulator.ActiveCfg = Release|iPhoneSimulator
		{2BEE1663-A3CE-4335-8420-C82C37D8D2D6}.Release|iPhoneSimulator.Build.0 = Release|iPhoneSimulator
		{2BEE1663-A3CE-4335-8420-C82C37D8D2D6}.Debug|iPhone.ActiveCfg = Debug|iPhone
		{2BEE1663-A3CE-4335-8420-C82C37D8D2D6}.Debug|iPhone.Build.0 = Debug|iPhone
		{2BEE1663-A3CE-4335-8420-C82C37D8D2D6}.Release|iPhone.ActiveCfg = Release|iPhone
		{2BEE1663-A3CE-4335-8420-C82C37D8D2D6}.Release|iPhone.Build.0 = Release|iPhone
		{FA420AAB-54D6-4E4A-81D1-1B7FA27E9D1E}.Debug|Any CPU.ActiveCfg = Debug|Any CPU
		{FA420AAB-54D6-4E4A-81D1-1B7FA27E9D1E}.Debug|Any CPU.Build.0 = Debug|Any CPU
		{FA420AAB-54D6-4E4A-81D1-1B7FA27E9D1E}.Release|Any CPU.ActiveCfg = Release|Any CPU
		{FA420AAB-54D6-4E4A-81D1-1B7FA27E9D1E}.Release|Any CPU.Build.0 = Release|Any CPU
		{FA420AAB-54D6-4E4A-81D1-1B7FA27E9D1E}.Debug|iPhoneSimulator.ActiveCfg = Debug|Any CPU
		{FA420AAB-54D6-4E4A-81D1-1B7FA27E9D1E}.Debug|iPhoneSimulator.Build.0 = Debug|Any CPU
		{FA420AAB-54D6-4E4A-81D1-1B7FA27E9D1E}.Release|iPhoneSimulator.ActiveCfg = Release|Any CPU
		{FA420AAB-54D6-4E4A-81D1-1B7FA27E9D1E}.Release|iPhoneSimulator.Build.0 = Release|Any CPU
		{FA420AAB-54D6-4E4A-81D1-1B7FA27E9D1E}.Debug|iPhone.ActiveCfg = Debug|Any CPU
		{FA420AAB-54D6-4E4A-81D1-1B7FA27E9D1E}.Debug|iPhone.Build.0 = Debug|Any CPU
		{FA420AAB-54D6-4E4A-81D1-1B7FA27E9D1E}.Release|iPhone.ActiveCfg = Release|Any CPU
		{FA420AAB-54D6-4E4A-81D1-1B7FA27E9D1E}.Release|iPhone.Build.0 = Release|Any CPU
	EndGlobalSection
	GlobalSection(SolutionProperties) = preSolution
		HideSolutionNode = FALSE
	EndGlobalSection
	GlobalSection(ExtensibilityGlobals) = postSolution
		SolutionGuid = {C4FB5796-6146-4717-8E2C-5BA1ACBE0A7A}
	EndGlobalSection
EndGlobal
